{
  "projects": [
    {
      "projectId": "28Ba3BDvRe7EiWdfFNnLB6",
      "version": "2.3.0",
      "dependencies": {},
      "lang": "js",
      "fileLocks": [
        {
          "assetId": "28Ba3BDvRe7EiWdfFNnLB6",
          "type": "projectCss",
          "checksum": "afb87f03e25d1c04c54780213015f602"
        }
      ],
      "codegenVersion": "0.0.1"
    },
    {
      "projectId": "7nJ7UcFmq9UzB6eXfC5z4a",
      "version": "0.0.3",
      "dependencies": {},
      "lang": "js",
      "fileLocks": [
        {
          "assetId": "7nJ7UcFmq9UzB6eXfC5z4a",
          "type": "projectCss",
          "checksum": "64c620350c9cd9f72dd5f82b2936978e"
        }
      ],
      "codegenVersion": "0.0.1"
    },
    {
      "projectId": "hjKYmYi6HMwK6TRyk7ew5R",
      "version": "6.2.1",
      "dependencies": {},
      "lang": "js",
      "fileLocks": [
        {
          "assetId": "hjKYmYi6HMwK6TRyk7ew5R",
          "type": "projectCss",
          "checksum": "3b72f97c5b01b4f6e663e45369c42de4"
        },
        {
          "assetId": "hjKYmYi6HMwK6TRyk7ew5R",
          "checksum": "a852c9e350a845f23f056078ffda3e4b",
          "type": "globalContexts"
        }
      ],
      "codegenVersion": "0.0.1"
    },
    {
      "projectId": "ovjdXhydzXTq3Bc7u9wCpt",
      "version": "latest",
      "dependencies": {
        "hjKYmYi6HMwK6TRyk7ew5R": "6.2.1",
        "7nJ7UcFmq9UzB6eXfC5z4a": "0.0.3",
        "28Ba3BDvRe7EiWdfFNnLB6": "2.3.0"
      },
      "lang": "js",
      "fileLocks": [
        {
          "type": "globalVariant",
          "assetId": "gcB_bykOvh4VQ",
          "checksum": "77e2becfeca6838895eca4589743bad6"
        },
        {
          "type": "globalVariant",
          "assetId": "m0DFv_ISne",
          "checksum": "4bc013dc2fec317a597c514872f96090"
        },
        {
          "type": "globalVariant",
          "assetId": "DBDWusWQOu",
          "checksum": "23ee04de73b44fff90f33609bea1d4ed"
        },
        {
          "type": "globalVariant",
          "assetId": "uG_lBiXl0n",
          "checksum": "47a00bba47aa02b79b04fd8cde8de5c5"
        },
        {
          "assetId": "ovjdXhydzXTq3Bc7u9wCpt",
          "checksum": "7d809bd9372f71f18653bca430d321b4",
          "type": "globalContexts"
        },
        {
          "type": "renderModule",
          "assetId": "i1OkOah75jZ0",
          "checksum": "c500b1d595f156f1ecdd8e14a46bf50b"
        },
        {
          "type": "cssRules",
          "assetId": "i1OkOah75jZ0",
          "checksum": "c500b1d595f156f1ecdd8e14a46bf50b"
        },
        {
          "type": "renderModule",
          "assetId": "CvbYCodVVJ",
          "checksum": "8e0baaea15d18793109ed8a08740a5a5"
        },
        {
          "type": "cssRules",
          "assetId": "CvbYCodVVJ",
          "checksum": "8e0baaea15d18793109ed8a08740a5a5"
        },
        {
          "type": "renderModule",
          "assetId": "WzKkY_fim5",
          "checksum": "af0f842e132b6031c4c32869d0fd0f0e"
        },
        {
          "type": "cssRules",
          "assetId": "WzKkY_fim5",
          "checksum": "af0f842e132b6031c4c32869d0fd0f0e"
        },
        {
          "type": "renderModule",
          "assetId": "AuD_LYJAI4",
          "checksum": "ce4d5e64ea99f4c795e3c54d55322885"
        },
        {
          "type": "cssRules",
          "assetId": "AuD_LYJAI4",
          "checksum": "ce4d5e64ea99f4c795e3c54d55322885"
        },
        {
          "type": "renderModule",
          "assetId": "GzxOp8vfFL",
          "checksum": "b243a7597e758452abb073ec9f15a4e4"
        },
        {
          "type": "cssRules",
          "assetId": "GzxOp8vfFL",
          "checksum": "b243a7597e758452abb073ec9f15a4e4"
        },
        {
          "type": "renderModule",
          "assetId": "Ydz7fwN9Ll",
          "checksum": "c9df4688da7943748fd11f973c9dc4c4"
        },
        {
          "type": "cssRules",
          "assetId": "Ydz7fwN9Ll",
          "checksum": "c9df4688da7943748fd11f973c9dc4c4"
        },
        {
          "type": "renderModule",
          "assetId": "Z2QvAn3eZE",
          "checksum": "8b9273c31e9180a7e67d9ea92d79e7cf"
        },
        {
          "type": "cssRules",
          "assetId": "Z2QvAn3eZE",
          "checksum": "8b9273c31e9180a7e67d9ea92d79e7cf"
        },
        {
          "type": "renderModule",
          "assetId": "dngvs-_okm",
          "checksum": "758ba85968cd2badba11dbad400b027b"
        },
        {
          "type": "cssRules",
          "assetId": "dngvs-_okm",
          "checksum": "758ba85968cd2badba11dbad400b027b"
        },
        {
          "type": "renderModule",
          "assetId": "DFjZBtsg3Y",
          "checksum": "ec62d07bd3e9ae1d9fe7610d83bdd572"
        },
        {
          "type": "cssRules",
          "assetId": "DFjZBtsg3Y",
          "checksum": "ec62d07bd3e9ae1d9fe7610d83bdd572"
        },
        {
          "type": "renderModule",
          "assetId": "wTzuuaSZFJ",
          "checksum": "edead14a5dcfd129f7b0c632de04602a"
        },
        {
          "type": "cssRules",
          "assetId": "wTzuuaSZFJ",
          "checksum": "edead14a5dcfd129f7b0c632de04602a"
        },
        {
          "type": "renderModule",
          "assetId": "eh0aQHUlPV",
          "checksum": "2fba308d41d845d90b82de0b73272e7e"
        },
        {
          "type": "cssRules",
          "assetId": "eh0aQHUlPV",
          "checksum": "2fba308d41d845d90b82de0b73272e7e"
        },
        {
          "type": "renderModule",
          "assetId": "fWa5Q_WBlB",
          "checksum": "f4d29c25647ce5b7025c2356bd300c3d"
        },
        {
          "type": "cssRules",
          "assetId": "fWa5Q_WBlB",
          "checksum": "f4d29c25647ce5b7025c2356bd300c3d"
        },
        {
          "type": "renderModule",
          "assetId": "Mxn4L60z0Q",
          "checksum": "bf11466f8af43b6b2ab1b88bef97c571"
        },
        {
          "type": "cssRules",
          "assetId": "Mxn4L60z0Q",
          "checksum": "bf11466f8af43b6b2ab1b88bef97c571"
        },
        {
          "type": "renderModule",
          "assetId": "CBPLLuL4Oc",
          "checksum": "eaa3cfb49ceb377ddf7833684d0cb41e"
        },
        {
          "type": "cssRules",
          "assetId": "CBPLLuL4Oc",
          "checksum": "eaa3cfb49ceb377ddf7833684d0cb41e"
        },
        {
          "type": "icon",
          "assetId": "24WmWH7cOW9",
          "checksum": "f04c07d16031ff2bb33a0dea527bdb41"
        },
        {
          "type": "icon",
          "assetId": "_t-Faf7jiKw",
          "checksum": "e6ebdd37e4893c18c9d60b22e8038498"
        },
        {
          "type": "icon",
          "assetId": "6PVjWFQjevU",
          "checksum": "306c676503ee39dbc86b953d26503943"
        },
        {
          "type": "icon",
          "assetId": "UeD69XFuzpU",
          "checksum": "f7748d8c58e573ab5e1b27aba50a377a"
        },
        {
          "type": "icon",
          "assetId": "O5tPYskUz0s",
          "checksum": "7c611e556fc59652c516b74f87a74da1"
        },
        {
          "type": "icon",
          "assetId": "DVHjrcivdkt",
          "checksum": "628bcdcb5dec40363a23ab097967f397"
        },
        {
          "type": "icon",
          "assetId": "5d2hpdioIFi",
          "checksum": "a38c060bdf8052491619c3ef1b39c191"
        },
        {
          "type": "icon",
          "assetId": "7m5OvFRxatU",
          "checksum": "772c5e31ed44f15e89de5b3363b2d28e"
        },
        {
          "type": "icon",
          "assetId": "PAX__4ptci6",
          "checksum": "b2a733a55885f57883dcd2beedb8dfae"
        },
        {
          "type": "icon",
          "assetId": "1IS8bpfk6eP",
          "checksum": "72510fb5a7c8bc6ec72241b54e33bb08"
        },
        {
          "type": "icon",
          "assetId": "gm-1OEb4Ujs",
          "checksum": "c67153662c2eb52fba1d7fd0dad260c0"
        },
        {
          "type": "icon",
          "assetId": "nqkixbcwdzY",
          "checksum": "e1e5495caebd9584e5069b78b82e957d"
        },
        {
          "type": "icon",
          "assetId": "of5xTLghlMM",
          "checksum": "33a0ef94445fb2577723eba8ff3be3a8"
        },
        {
          "type": "icon",
          "assetId": "hW9FDjbewrh",
          "checksum": "d8b12ea7c0cfda6defa2601bd7d9d3a4"
        },
        {
          "type": "icon",
          "assetId": "Jq-R1heG7Ha",
          "checksum": "8ad84032d98e79cb547a4a8fc73e6bfe"
        },
        {
          "type": "icon",
          "assetId": "lhlTVsl90bu",
          "checksum": "5ae2514b92c4fbe602871995fe6c151b"
        },
        {
          "type": "icon",
          "assetId": "rKFdmgnF7B0",
          "checksum": "09b49f00ada1aee551153beef3129d49"
        },
        {
          "type": "icon",
          "assetId": "xxieNm11H-e",
          "checksum": "de4b19733a36b9209e8a88eb10dc8f2c"
        },
        {
          "type": "icon",
          "assetId": "NQciLa0Dw",
          "checksum": "de156027510efed69aa517cdea49644c"
        },
        {
          "type": "icon",
          "assetId": "dzZWW0KTDa",
          "checksum": "9eca72102ca7c72f483298758e0d3ab0"
        },
        {
          "type": "icon",
          "assetId": "Gtp7Lnaxwi",
          "checksum": "cd64ab43f23ad8a4bc7cbf3f72e137b2"
        },
        {
          "type": "icon",
          "assetId": "OfL7CNFmDo",
          "checksum": "fa52164e1c1ab825d0ba7963af341d02"
        },
        {
          "type": "icon",
          "assetId": "jELoRCuY9J",
          "checksum": "242927212d119888d26ff09e025e5f26"
        },
        {
          "type": "icon",
          "assetId": "QfzXdaSnNh",
          "checksum": "06f4d320fb5b766b5cda611696877194"
        },
        {
          "type": "icon",
          "assetId": "Np7zV-fG6E",
          "checksum": "dd52589caf89e2aded640eca39d673b7"
        },
        {
          "type": "icon",
          "assetId": "Yjd7e70CrX",
          "checksum": "066c8caa654b1b981a3bb12c3728f885"
        },
        {
          "type": "icon",
          "assetId": "8e4GlLd529",
          "checksum": "cdc999c17f36680fca2fedd270e7357c"
        },
        {
          "type": "icon",
          "assetId": "idMFDgdekz",
          "checksum": "2951c44cdb22e3c18abda7338fb94088"
        },
        {
          "type": "icon",
          "assetId": "4o0xydpHkn",
          "checksum": "a035473526f01ab4ed52b9c951da3b08"
        },
        {
          "type": "icon",
          "assetId": "9XdVSoRS3J",
          "checksum": "0f4bd1d9627f1f4ff6fd1e68fdcbd1ef"
        },
        {
          "type": "icon",
          "assetId": "X_hSjvdJR_",
          "checksum": "2d77473988dfc2a9d7247589a767854b"
        },
        {
          "type": "icon",
          "assetId": "ict7SbhqR2",
          "checksum": "3d9e6f351aee0e8555e4a573e4454c09"
        },
        {
          "type": "icon",
          "assetId": "sVrwefbr-y",
          "checksum": "a114ec59362d45a498bc6d8ac5d1bf1a"
        },
        {
          "type": "icon",
          "assetId": "EJQulHOB_5",
          "checksum": "451fa048a5534f83d6846047154a9c12"
        },
        {
          "type": "icon",
          "assetId": "fIApBC5aMRb",
          "checksum": "4ecd151e06bc7744c20bb172ded26abd"
        },
        {
          "type": "icon",
          "assetId": "nHJKcmdNUAY",
          "checksum": "db9fce9383f94b91a5ad1ff3215dee53"
        },
        {
          "type": "icon",
          "assetId": "5xljrb6OO0k",
          "checksum": "ad8329edb3f6f494d379129faaab42a5"
        },
        {
          "type": "icon",
          "assetId": "dL6VPYinLtI",
          "checksum": "b5f7798635ecf50f5a6a251ced5b929c"
        },
        {
          "type": "icon",
          "assetId": "6SixZTM1iF7",
          "checksum": "7cfe05e0ec401099330c233256339064"
        },
        {
          "type": "icon",
          "assetId": "qiGCZI-LiTT",
          "checksum": "41179d8b0e805511032e26dc3ca5715b"
        },
        {
          "type": "icon",
          "assetId": "u-vcgHew4fL",
          "checksum": "bc8deef8b4792d703191c7a988df96e4"
        },
        {
          "type": "icon",
          "assetId": "ibYRVHsPzoU",
          "checksum": "f1d5af399bee90b079571f27a2d6fe94"
        },
        {
          "type": "icon",
          "assetId": "54QqY1HpWr_",
          "checksum": "3057505fdecf4899397fb57cba1b1ee2"
        },
        {
          "type": "icon",
          "assetId": "QRELuwuumoK",
          "checksum": "6402175e53647eac6a1f4bc0de308ace"
        },
        {
          "type": "icon",
          "assetId": "yRLOTSrs8e1",
          "checksum": "771fbd0163142249c919284591f3cdf1"
        },
        {
          "type": "icon",
          "assetId": "-s2UIo2RoH4",
          "checksum": "09ea309806e71f52bc81d349d36c12b6"
        },
        {
          "type": "image",
          "assetId": "HBC_AC-qgZq",
          "checksum": "ce2d906eedc730ffe90ac5ef448ffe5c"
        },
        {
          "type": "image",
          "assetId": "EGqqCl3UoC2",
          "checksum": "845e9714ce0f21fd95ce6d615ba5735b"
        },
        {
          "type": "image",
          "assetId": "9bS7EcahJr3",
          "checksum": "cafdda725ba72be47d1170d915899b1c"
        },
        {
          "type": "image",
          "assetId": "xT8XtazA5Pq",
          "checksum": "83884b87b0f283c515565bbda169b1f0"
        },
        {
          "type": "image",
          "assetId": "KFekTurj9lc",
          "checksum": "78cf8b5d02d9e743152bed8dc1441fa5"
        },
        {
          "type": "image",
          "assetId": "e05jxtulVz-",
          "checksum": "abcc0962dab3ce6ccad6e758065e0201"
        },
        {
          "type": "image",
          "assetId": "JHkX4BKBzU3",
          "checksum": "d36dccd015c34b62f2beb298a97e119b"
        },
        {
          "type": "image",
          "assetId": "cpmL2oRZvWV",
          "checksum": "65406de168b2fe7b8d2e26f7bd6b2e6f"
        },
        {
          "type": "image",
          "assetId": "kfMw6ym8RMZ",
          "checksum": "fde2b21ce844af8dec202d55b81afe98"
        },
        {
          "type": "image",
          "assetId": "clTNK8FEVQ2",
          "checksum": "cbada3e6c5ea1c14c9b7ca1fe24a0d58"
        },
        {
          "type": "image",
          "assetId": "4vvmjVGDQg3",
          "checksum": "6118243107ebabc43dc3771a821bafd3"
        },
        {
          "type": "image",
          "assetId": "cZfx2MsNSjj",
          "checksum": "1220064fbf979e5db57dd6ed95333fa5"
        },
        {
          "type": "image",
          "assetId": "HbimMaPRC",
          "checksum": "7ddd91ddae9a1a29fdca4d678e4cb819"
        },
        {
          "type": "image",
          "assetId": "45oy16Y-F",
          "checksum": "a749d083905e39959620b490cc376853"
        },
        {
          "type": "image",
          "assetId": "_la_gv_cN",
          "checksum": "7511589d0791567e2db1b58f52d1bd88"
        },
        {
          "type": "image",
          "assetId": "GlmY_mNeM",
          "checksum": "70d3cf2ce34253c8c82ce10c6c166dbd"
        },
        {
          "type": "image",
          "assetId": "iDz8PDD8H",
          "checksum": "a032d1d57fc8e2544d5a6b0e95158913"
        },
        {
          "type": "image",
          "assetId": "QXJ7QESUM",
          "checksum": "444d4b33956a8d957dc827daf8bfc263"
        },
        {
          "type": "image",
          "assetId": "xbZrXR_Hk",
          "checksum": "90f20e1a7d1feb86aefba4d0779f9fa5"
        },
        {
          "type": "image",
          "assetId": "xE1ynDtN-",
          "checksum": "145d6070e58bd901d78edc426060fca6"
        },
        {
          "type": "renderModule",
          "assetId": "1MD9IiZ1p6",
          "checksum": "72b8d6aafa01509b15ef8b07ea34141d"
        },
        {
          "type": "cssRules",
          "assetId": "1MD9IiZ1p6",
          "checksum": "72b8d6aafa01509b15ef8b07ea34141d"
        },
        {
          "type": "image",
          "assetId": "hSuOriKas",
          "checksum": "00afcd7eb365a4426d7a3cfa48476cc9"
        },
        {
          "type": "renderModule",
          "assetId": "5sVX8TQhxB",
          "checksum": "bd674b1044963d9fb2bde7320cd87362"
        },
        {
          "type": "cssRules",
          "assetId": "5sVX8TQhxB",
          "checksum": "bd674b1044963d9fb2bde7320cd87362"
        },
        {
          "type": "image",
          "assetId": "C_fPPVC8s",
          "checksum": "21316bf0b33a309ced6d4d029db1c6f1"
        },
        {
          "type": "image",
          "assetId": "asa6YWWaw",
          "checksum": "ea0222bbb7687bad99703df27b3db632"
        },
        {
          "type": "image",
          "assetId": "jbiUkXsIu",
          "checksum": "15120a5f925e355d425ed7244310c4ca"
        },
        {
          "type": "renderModule",
          "assetId": "05xKepNiDk",
          "checksum": "d5da73e78c392e1623e4ba372e3f9fbf"
        },
        {
          "type": "cssRules",
          "assetId": "05xKepNiDk",
          "checksum": "d5da73e78c392e1623e4ba372e3f9fbf"
        },
        {
          "type": "icon",
          "assetId": "mYKgvuYTsy",
          "checksum": "d168ba149ed10c09cba2b5478e7de77c"
        },
        {
          "type": "icon",
          "assetId": "aLHbzwKRIw",
          "checksum": "230a551d0ccce446946b5a3b455aa5d3"
        },
        {
          "type": "icon",
          "assetId": "n9kK6xZBQM",
          "checksum": "6a2829bc46ba1215a39589163fd3de80"
        },
        {
          "type": "icon",
          "assetId": "Mivl10lWHX",
          "checksum": "ef63d6b0d13f651b9bde90f0960ebe99"
        },
        {
          "type": "icon",
          "assetId": "axYhZRsye5",
          "checksum": "b4c0126af155dc81fc85d3fd6debd9d7"
        },
        {
          "type": "icon",
          "assetId": "yqV_zHCRak",
          "checksum": "07a1ea5a2fc42791658f6c41962e0347"
        },
        {
          "type": "icon",
          "assetId": "WIpHABPBbZc",
          "checksum": "dbd8dac957137591cb2c2780a26b81f8"
        },
        {
          "type": "icon",
          "assetId": "o_aeYtjH65",
          "checksum": "98ff92eed14d54ee9286cf3d16e17ab5"
        },
        {
          "type": "icon",
          "assetId": "xl_5kuIBRT",
          "checksum": "878e696f02e22a7644ccf0265bd84de3"
        },
        {
          "type": "icon",
          "assetId": "TTGwGjMWfo",
          "checksum": "43daa8b336868f3d8a52efdb90f99c28"
        },
        {
          "type": "icon",
          "assetId": "CSGOdLIbcH",
          "checksum": "dbe39e92ed2b4f1ea26f4b15ee5f1bcd"
        },
        {
          "type": "icon",
          "assetId": "_WUCNPbMRx",
          "checksum": "3e2ec3e8cad2181e4ad5ed3fe317593c"
        },
        {
          "type": "icon",
          "assetId": "E_IHerNQty",
          "checksum": "deff1000a888f948ae6f82fb90ed370a"
        },
        {
          "type": "icon",
          "assetId": "NYNBSwZ3AD",
          "checksum": "76aca87e8172d1f67be78b533bad0c44"
        },
        {
          "type": "icon",
          "assetId": "GKq095mfHi",
          "checksum": "d390b3693a8905775138b08d9193ca35"
        },
        {
          "type": "icon",
          "assetId": "pXVlNV7Psj",
          "checksum": "8f036a0c4c5f1afa3faa8a4acb821108"
        },
        {
          "type": "icon",
          "assetId": "r4cUWtITba",
          "checksum": "87fdea5c71e98ac1a584f9bbdd68c578"
        },
        {
          "type": "icon",
          "assetId": "0JDP40g34i",
          "checksum": "d1aa2dc92d02e3fe37f0f566eb641a72"
        },
        {
          "type": "icon",
          "assetId": "dgLJiFAO_P",
          "checksum": "d626cedf26f49b241408cbb4baf125df"
        },
        {
          "type": "icon",
          "assetId": "N8fsjUOZr",
          "checksum": "c0da4934db8e2fca1adf304c46879a6c"
        },
        {
          "type": "icon",
          "assetId": "oAe_aJAa5x",
          "checksum": "69f9ce13f956a4a2fecf2d4741b03af8"
        },
        {
          "type": "icon",
          "assetId": "-HmgbFZyXo",
          "checksum": "2c511077f5c52ae532b4d48569acc4ca"
        },
        {
          "type": "icon",
          "assetId": "CEDANlJjBg",
          "checksum": "faa441f225888fafd1010a26dd61ba69"
        },
        {
          "type": "icon",
          "assetId": "gZie6PmjmI",
          "checksum": "d37b88b11b0fc12b408e6122167ddb91"
        },
        {
          "type": "icon",
          "assetId": "e1ie9zHc4d",
          "checksum": "daa2db0b7b7c50b4b6f456e223ec7656"
        },
        {
          "type": "icon",
          "assetId": "rTvdXdI5RP",
          "checksum": "b48481b350e28b6ec7e03f02a8ae90ea"
        },
        {
          "type": "icon",
          "assetId": "qN6P0Jxn3u",
          "checksum": "4c800d7c3ea15dfaf8a84efbd0e07f8b"
        },
        {
          "type": "icon",
          "assetId": "gimygGRmDn",
          "checksum": "20b477f528a44307386cd738e6575a35"
        },
        {
          "type": "icon",
          "assetId": "2ZraRhoWrC",
          "checksum": "8713648399db5274800faaa833ae8341"
        },
        {
          "type": "icon",
          "assetId": "vU5C5T__Q9",
          "checksum": "a6252cec6cfcc68de7e0bd3653fa9560"
        },
        {
          "type": "icon",
          "assetId": "-8Sh-EbZ9W",
          "checksum": "3125ecece85ec4c811688ab40d4c2192"
        },
        {
          "type": "icon",
          "assetId": "Djj7-ZwYz",
          "checksum": "ec05cf0a1947c33ef4c2c3154f8dee8e"
        },
        {
          "type": "icon",
          "assetId": "0K5DK95LNh",
          "checksum": "cd6662e45bff64e2e86220af7c67a216"
        },
        {
          "type": "icon",
          "assetId": "NOnxsGcyzt",
          "checksum": "3a449833dd1ef49a7a390c1cdc7a1384"
        },
        {
          "type": "icon",
          "assetId": "VRtAHH2O_7",
          "checksum": "f7774e56d60ec8ec8e93b0e06006825f"
        },
        {
          "type": "icon",
          "assetId": "rbedT69680",
          "checksum": "933c5d3e5e0acd99b1dded17c4176d53"
        },
        {
          "type": "icon",
          "assetId": "KP_Tt2YNPH",
          "checksum": "40e86acef4b8f1ae947e5fcbcba7899a"
        },
        {
          "type": "icon",
          "assetId": "I4MLBa5Yph",
          "checksum": "289c694bc324f1c159ebe07afc4ea780"
        },
        {
          "type": "icon",
          "assetId": "4N9M--f9YC",
          "checksum": "dc6d7e7d890500d6f6273fdc09f72129"
        },
        {
          "type": "icon",
          "assetId": "IUe5SvBES",
          "checksum": "912df5e6e67e2321fa202f490c9836c0"
        },
        {
          "type": "icon",
          "assetId": "_hKijHSHq1",
          "checksum": "4fd69d99d3bf29a822381b2c217c6de9"
        },
        {
          "type": "icon",
          "assetId": "7GFkRj02ed",
          "checksum": "14c864901cde6cff6f40246984901d7e"
        },
        {
          "type": "icon",
          "assetId": "YrmoqibhyQ",
          "checksum": "cbe286f97b0556510cac79c301b42cd0"
        },
        {
          "type": "icon",
          "assetId": "MA7_YO1-qA",
          "checksum": "75b502c984eff0f38ad3e5959a818ee4"
        },
        {
          "type": "icon",
          "assetId": "7LZB5nehIH",
          "checksum": "c575ec3ce143065b0738254edfc500e0"
        },
        {
          "type": "icon",
          "assetId": "JPDW1-RV9N",
          "checksum": "9b6bdc314d310baa187e3658a8fd2db1"
        },
        {
          "type": "icon",
          "assetId": "f3L5Z5DIL6",
          "checksum": "18686e572b41195c9fc758175ddca859"
        },
        {
          "type": "icon",
          "assetId": "rJDfZG04pu",
          "checksum": "ccf83de0e8d0ab42a92515864456595f"
        },
        {
          "type": "icon",
          "assetId": "6qezX9nZJ",
          "checksum": "4c02369940af0dcde0420dc4e5857224"
        },
        {
          "type": "icon",
          "assetId": "RdN7D-cZdi",
          "checksum": "d4ed3136f36a8c2be43b4de7f06acf2b"
        },
        {
          "type": "icon",
          "assetId": "Y8bK8XQB-1",
          "checksum": "d96aa1747000a16a74fcb046dfdcfead"
        },
        {
          "type": "icon",
          "assetId": "OZK4nnNvN",
          "checksum": "1e8060f3ca9e0190f31a21e8af6503e9"
        },
        {
          "type": "icon",
          "assetId": "sTEj9h217w",
          "checksum": "911177a9eac647f336d5cd66c1fde7c4"
        },
        {
          "type": "icon",
          "assetId": "1ORbdeOlP9",
          "checksum": "8f3e4391f064df7eaedb5c22a16122a6"
        },
        {
          "type": "icon",
          "assetId": "ot06KLb4LM",
          "checksum": "35ecdbcb37a20f45eadfc477baf2f345"
        },
        {
          "type": "icon",
          "assetId": "7V0gW1ny95",
          "checksum": "cc5d5623324119b94b0e2b17be8ba927"
        },
        {
          "type": "icon",
          "assetId": "UazkSNjz95",
          "checksum": "f72749416048a8af68691be26b311373"
        },
        {
          "type": "icon",
          "assetId": "aSXz7RVQDs",
          "checksum": "d2737b9624fb428b0896197604ad4350"
        },
        {
          "type": "icon",
          "assetId": "zY2J12uspk",
          "checksum": "e9b3566adc206734ccacf58baa0ee1be"
        },
        {
          "type": "icon",
          "assetId": "-1cTesexN",
          "checksum": "0ee6e8de81b485c793381dd70b789aea"
        },
        {
          "type": "icon",
          "assetId": "HPkiV9n6el",
          "checksum": "69b44270433daac16bf88dcad4214243"
        },
        {
          "type": "icon",
          "assetId": "La7bZ9xR4z",
          "checksum": "9f7db03edb39841524a723c87408074b"
        },
        {
          "type": "icon",
          "assetId": "rwFmmVaBRn",
          "checksum": "483af8a3e0d9378685b2092ab4cd3656"
        },
        {
          "type": "icon",
          "assetId": "gBYa6ISadp",
          "checksum": "620709b1c2a4e2b0f37c5c1169cb90c3"
        },
        {
          "type": "icon",
          "assetId": "AjkGcIbwhO",
          "checksum": "d8fdfebac52dad20f208bacb6a2f2270"
        },
        {
          "type": "icon",
          "assetId": "DSZ3-ObSo_",
          "checksum": "ed222c3f77bcab37fda688e16cc82e77"
        },
        {
          "type": "icon",
          "assetId": "DG3Z5uu7SV",
          "checksum": "f3176a48f1413f2c351ad8ec2418b76b"
        },
        {
          "type": "icon",
          "assetId": "rsayiTx-FK",
          "checksum": "ac4a2313ecd3b080828f66ffcccdfd91"
        },
        {
          "type": "icon",
          "assetId": "8Vr0SE9qOG",
          "checksum": "3fd361fce86a2ded2c48b56659186d83"
        },
        {
          "type": "icon",
          "assetId": "cPCBhddxh",
          "checksum": "21da47ac36c5ef6f2c9724077a784349"
        },
        {
          "type": "icon",
          "assetId": "thI0OXHWl5",
          "checksum": "2a3fd05bc8eac9fb040a99d0c54515d1"
        },
        {
          "type": "icon",
          "assetId": "aCinRo3G3d",
          "checksum": "a623acda6808d3c8af336d18a1690218"
        },
        {
          "type": "icon",
          "assetId": "t752YYLw4a",
          "checksum": "e48152f09a343a1633e018b87944a358"
        },
        {
          "type": "icon",
          "assetId": "S5YOUPHEf_",
          "checksum": "77d098618ded88dcf5c99decf695422e"
        },
        {
          "type": "icon",
          "assetId": "S8ZywwM8We",
          "checksum": "1a78eb7eb54b94adb1a5b5c0e5c9b00f"
        },
        {
          "type": "icon",
          "assetId": "-80mL9ej3k",
          "checksum": "af2932881aeb9119af9494002745df3e"
        },
        {
          "type": "icon",
          "assetId": "qUOWOuBFFi",
          "checksum": "763e09ced2481405c28ecee192800bcb"
        },
        {
          "type": "icon",
          "assetId": "bcMVAD2rS5",
          "checksum": "b9533c1279ebdb6c5a727971ccf4cf9a"
        },
        {
          "type": "icon",
          "assetId": "HczePRa0f",
          "checksum": "f75bafbc2896d37f05ed806d54d47598"
        },
        {
          "type": "icon",
          "assetId": "5PFR5NN6in",
          "checksum": "8a3ac3727fb7e069f811d8e5928b3f9f"
        },
        {
          "type": "icon",
          "assetId": "zikbOl7HiK",
          "checksum": "5e527537e26e98126c73d72b6fe5e0d2"
        },
        {
          "type": "icon",
          "assetId": "ylhOX-Va5-",
          "checksum": "227a29d73438b05e4749bca3e3e24ad2"
        },
        {
          "type": "icon",
          "assetId": "7U-dsCfK7b",
          "checksum": "cca6706f2d96d6f7d0d5fff007ed4678"
        },
        {
          "type": "icon",
          "assetId": "Xrr_C5DKtz",
          "checksum": "710414feaacba44a78f4ed7fa853e4ab"
        },
        {
          "type": "icon",
          "assetId": "Xv72kRt-VS",
          "checksum": "f2543818a541767c469c4f2583025c46"
        },
        {
          "type": "icon",
          "assetId": "VHMqK-Glhl",
          "checksum": "a8c015574096032d3c3632b0bfebc7c8"
        },
        {
          "type": "icon",
          "assetId": "8WjFVSW8z",
          "checksum": "5d0f5f955ded6eb4f0a089a77f634ebd"
        },
        {
          "type": "icon",
          "assetId": "KCLxBw-fE1",
          "checksum": "d592cbd129561755861cf4b499eee274"
        },
        {
          "type": "icon",
          "assetId": "8sAKQ9Tr4S",
          "checksum": "ce990306316cae9e1858d34b1b3938b4"
        },
        {
          "type": "icon",
          "assetId": "048klyCSi",
          "checksum": "af363970bd251eaee2d2fd4f6bc3d0c5"
        },
        {
          "type": "icon",
          "assetId": "PV-wOd8DPw",
          "checksum": "292840e7e30b9bba1f6277fceaa67bc6"
        },
        {
          "type": "icon",
          "assetId": "grfZD_Hnz9",
          "checksum": "4e4f1034beea659498739f2d95ce399e"
        },
        {
          "type": "icon",
          "assetId": "9n_rLIVux",
          "checksum": "5ce91e1845e6434860aa19a83c577ad5"
        },
        {
          "type": "icon",
          "assetId": "Rb7mIprIrQ",
          "checksum": "5f51fab319a3754479c4588fe9d178c0"
        },
        {
          "type": "icon",
          "assetId": "EP5zGWwJ1X",
          "checksum": "638492b997ef56067cc059f2a561a96a"
        },
        {
          "type": "icon",
          "assetId": "IdSuw-EtCN",
          "checksum": "8487348df5516b19a149650cd0822dd0"
        },
        {
          "type": "icon",
          "assetId": "vPllSbWx1H",
          "checksum": "8fcad572e185e7c6f477d3a7585c8302"
        },
        {
          "type": "icon",
          "assetId": "sFbk0B4_vB",
          "checksum": "43087a53125ef947e51ef6722b4667dc"
        },
        {
          "type": "icon",
          "assetId": "w5JllfIkrJ",
          "checksum": "5e6c34cf2822732a07ce74826892e38d"
        },
        {
          "type": "icon",
          "assetId": "Yl4IrwGzJU",
          "checksum": "4156d01ccd4cd2f82958414810720f76"
        },
        {
          "type": "icon",
          "assetId": "XQCQaCpB-",
          "checksum": "f9f5246a62d33942da61b4d53ec74161"
        },
        {
          "type": "icon",
          "assetId": "287U2hOue7",
          "checksum": "e924d932ac73e051a5eb6ffb9072d238"
        },
        {
          "type": "image",
          "assetId": "7hVEk3sTJ",
          "checksum": "1b0c20634126458a435de034bc756d4c"
        },
        {
          "type": "image",
          "assetId": "S_IX1FQ6A",
          "checksum": "5de7e3f6b539a3aeffd9fdadeef4d24d"
        },
        {
          "type": "image",
          "assetId": "FGbNXkfHO",
          "checksum": "870a54d156737ec9c3dba25c3be23ef1"
        },
        {
          "type": "image",
          "assetId": "seu39MuTw",
          "checksum": "a339385db878a8c657b4459ef7ad65c8"
        },
        {
          "type": "image",
          "assetId": "xQxydTHeC",
          "checksum": "96f1934d89b108f28458b29dc2b44bdf"
        },
        {
          "type": "image",
          "assetId": "muKrxwMWTW",
          "checksum": "c2cd2abefe3bc3178a720265b438fbce"
        },
        {
          "type": "image",
          "assetId": "PorpxnQbC6",
          "checksum": "218cf5e68d060795d2922c962fce4ac6"
        },
        {
          "type": "image",
          "assetId": "FI4BQxlJE",
          "checksum": "08b1c689e4b727ddb364d59199d57733"
        },
        {
          "type": "image",
          "assetId": "MXLZzzxddX",
          "checksum": "597b3b732ebb797dba9c561a941231b6"
        },
        {
          "type": "image",
          "assetId": "D84pkg1cl3",
          "checksum": "dd5589b15d339a5ca38e615810da9838"
        },
        {
          "type": "image",
          "assetId": "XRBgw2RiiN",
          "checksum": "e07da44603db380f91fe24f6a7a2c87e"
        },
        {
          "type": "image",
          "assetId": "x9YfJ8Xpy",
          "checksum": "d2d85342c699cee78a001a90cc867bbb"
        },
        {
          "type": "image",
          "assetId": "NL4Fhiqeie",
          "checksum": "617cf1ab7a7f4c23f4d9db1bb2f8c374"
        },
        {
          "type": "image",
          "assetId": "eIUYivmd3C",
          "checksum": "ef0acfdd822cc3f024ac9294cca36093"
        },
        {
          "type": "image",
          "assetId": "LiMS291CbY",
          "checksum": "08a91d9dc5e4d7d974a27dc805b7d596"
        },
        {
          "type": "image",
          "assetId": "CrJg5mHEUL",
          "checksum": "832014825805ab245c020f13f7486c72"
        },
        {
          "type": "image",
          "assetId": "l1lFA6l9tq",
          "checksum": "eaba1507d2df897d60160691c5f94b30"
        },
        {
          "type": "image",
          "assetId": "xUWf9jYLfF",
          "checksum": "ff3db578a593f4d9d268d9ed32b6fd2c"
        },
        {
          "type": "image",
          "assetId": "mWRSml1TSa",
          "checksum": "09a3b529193ef96c183325ad362953c1"
        },
        {
          "type": "image",
          "assetId": "-wFPavNOHC",
          "checksum": "0629024db24a5ae778ac78f2b466d73d"
        },
        {
          "type": "image",
          "assetId": "fl0U_lz14q",
          "checksum": "8e7957e98565eddceaa900420526af68"
        },
        {
          "type": "image",
          "assetId": "LUqnlFsU0Q",
          "checksum": "95b88a0aae3a0b5031ff12102baf0b20"
        },
        {
          "type": "image",
          "assetId": "fJAd6PnELK",
          "checksum": "c0015bb7da5833dfe2277c77d366f5c7"
        },
        {
          "type": "image",
          "assetId": "92CTrYBsQz",
          "checksum": "8a7a746143473c43c7423a17be5a7713"
        },
        {
          "type": "image",
          "assetId": "y9IZfEfRmY",
          "checksum": "c65b5ef2681a0a75fa9003c14308bc89"
        },
        {
          "type": "image",
          "assetId": "TGnei26fio",
          "checksum": "fda1c28bfc923e5da4e0414024e201f4"
        },
        {
          "type": "image",
          "assetId": "SOK7Ktx2Uk",
          "checksum": "24afe0a1e3c32f8178945e6ee76b4108"
        },
        {
          "type": "image",
          "assetId": "MWUq7LJfJY",
          "checksum": "8928cf6cb1f5bd13095b2491ac965ca5"
        },
        {
          "type": "image",
          "assetId": "xeuODvy_ce",
          "checksum": "cfa73a748cc64f3b406e47252f2b1aaa"
        },
        {
          "type": "image",
          "assetId": "Q_YKzMQhs8",
          "checksum": "026590542d55e79a8a339bb80021eb92"
        },
        {
          "type": "image",
          "assetId": "yDDWxVaitl",
          "checksum": "bb177eb0358db8e554df29299b7f9cd0"
        },
        {
          "type": "image",
          "assetId": "1dfglkGxv",
          "checksum": "fcccc7a86099d26acb3dea8208f7abee"
        },
        {
          "type": "image",
          "assetId": "denfZccv9f",
          "checksum": "e07e0372d34be5e98810d5de1b5393a8"
        },
        {
          "type": "image",
          "assetId": "VMxF904F-x",
          "checksum": "bc6a9fe33979a6455560b32063a04109"
        },
        {
          "type": "image",
          "assetId": "KgN3jlrD9N",
          "checksum": "78b07284ba5aa91bf7a69998b2426835"
        },
        {
          "type": "image",
          "assetId": "nZU8VM5rnj",
          "checksum": "1df78bdcfb36d7c15969c383df36ba18"
        },
        {
          "type": "image",
          "assetId": "bTDIdTriW3",
          "checksum": "3b0be1db60a74c01c4705776f16f3293"
        },
        {
          "type": "image",
          "assetId": "hvooIs7zEc",
          "checksum": "8f4e94ff8bfd55f214815c8c5992cbb0"
        },
        {
          "type": "image",
          "assetId": "9yOl_9Eh2x",
          "checksum": "67be5b46cdf6aa569b1ad92eaef5d57e"
        },
        {
          "type": "image",
          "assetId": "bdNwHRhFw",
          "checksum": "54b8c8daf1fe3ada4a0afe71ac880be6"
        },
        {
          "assetId": "ovjdXhydzXTq3Bc7u9wCpt",
          "type": "projectCss",
          "checksum": "cf124616b29d3f44a3ae1cfd7fa07405"
        },
        {
          "type": "renderModule",
          "assetId": "0r3xSegb8up",
          "checksum": "c1d2ebac9e942bc111cd00048108f83e"
        },
        {
          "type": "cssRules",
          "assetId": "0r3xSegb8up",
          "checksum": "c1d2ebac9e942bc111cd00048108f83e"
        },
        {
          "type": "renderModule",
          "assetId": "q5yCu6U9uj",
          "checksum": "8328f8b81248c9bc456a462050566e0d"
        },
        {
          "type": "cssRules",
          "assetId": "q5yCu6U9uj",
          "checksum": "8328f8b81248c9bc456a462050566e0d"
        },
        {
          "type": "renderModule",
          "assetId": "7WJwRnVAxlX",
          "checksum": "fed70501dedbe654d56ad92cf6bdeb9f"
        },
        {
          "type": "cssRules",
          "assetId": "7WJwRnVAxlX",
          "checksum": "fed70501dedbe654d56ad92cf6bdeb9f"
        },
        {
          "type": "renderModule",
          "assetId": "QNsWw2e-3G",
          "checksum": "c64b5f16ea590c9966375d73c82150e7"
        },
        {
          "type": "cssRules",
          "assetId": "QNsWw2e-3G",
          "checksum": "c64b5f16ea590c9966375d73c82150e7"
        },
        {
          "type": "renderModule",
          "assetId": "D_xLN7HSDJ",
          "checksum": "450f9708b6509f0164545c8f5dc5be84"
        },
        {
          "type": "cssRules",
          "assetId": "D_xLN7HSDJ",
          "checksum": "450f9708b6509f0164545c8f5dc5be84"
        },
        {
          "type": "renderModule",
          "assetId": "6HSr9YyfAE",
          "checksum": "3c57e425c4019fd43125579e8cede959"
        },
        {
          "type": "cssRules",
          "assetId": "6HSr9YyfAE",
          "checksum": "3c57e425c4019fd43125579e8cede959"
        },
        {
          "type": "renderModule",
          "assetId": "WH3pMQ8XXI",
          "checksum": "ded0a4d0164fef481fd5a81a44e4e82a"
        },
        {
          "type": "cssRules",
          "assetId": "WH3pMQ8XXI",
          "checksum": "ded0a4d0164fef481fd5a81a44e4e82a"
        },
        {
          "type": "image",
          "assetId": "nMzMkO7Zz",
          "checksum": "8266041e7f59d2107e813bc0af123795"
        }
      ],
      "codegenVersion": "0.0.1"
    }
  ],
  "cliVersion": "0.1.184"
}
