{
  "projects": [
    {
      "projectId": "28Ba3BDvRe7EiWdfFNnLB6",
      "version": "2.3.0",
      "dependencies": {},
      "lang": "js",
      "fileLocks": [
        {
          "assetId": "28Ba3BDvRe7EiWdfFNnLB6",
          "type": "projectCss",
          "checksum": "afb87f03e25d1c04c54780213015f602"
        }
      ],
      "codegenVersion": "0.0.1"
    },
    {
      "projectId": "7nJ7UcFmq9UzB6eXfC5z4a",
      "version": "0.0.3",
      "dependencies": {},
      "lang": "js",
      "fileLocks": [
        {
          "assetId": "7nJ7UcFmq9UzB6eXfC5z4a",
          "type": "projectCss",
          "checksum": "64c620350c9cd9f72dd5f82b2936978e"
        }
      ],
      "codegenVersion": "0.0.1"
    },
    {
      "projectId": "hjKYmYi6HMwK6TRyk7ew5R",
      "version": "6.2.1",
      "dependencies": {},
      "lang": "js",
      "fileLocks": [
        {
          "assetId": "hjKYmYi6HMwK6TRyk7ew5R",
          "type": "projectCss",
          "checksum": "3b72f97c5b01b4f6e663e45369c42de4"
        },
        {
          "assetId": "hjKYmYi6HMwK6TRyk7ew5R",
          "checksum": "a852c9e350a845f23f056078ffda3e4b",
          "type": "globalContexts"
        }
      ],
      "codegenVersion": "0.0.1"
    },
    {
      "projectId": "ovjdXhydzXTq3Bc7u9wCpt",
      "version": "latest",
      "dependencies": {
        "hjKYmYi6HMwK6TRyk7ew5R": "6.2.1",
        "7nJ7UcFmq9UzB6eXfC5z4a": "0.0.3",
        "28Ba3BDvRe7EiWdfFNnLB6": "2.3.0"
      },
      "lang": "js",
      "fileLocks": [
        {
          "type": "globalVariant",
          "assetId": "gcB_bykOvh4VQ",
          "checksum": "452eb6163490bfd104078f4682ec7c3e"
        },
        {
          "type": "globalVariant",
          "assetId": "m0DFv_ISne",
          "checksum": "4bc013dc2fec317a597c514872f96090"
        },
        {
          "type": "globalVariant",
          "assetId": "DBDWusWQOu",
          "checksum": "23ee04de73b44fff90f33609bea1d4ed"
        },
        {
          "type": "globalVariant",
          "assetId": "uG_lBiXl0n",
          "checksum": "47a00bba47aa02b79b04fd8cde8de5c5"
        },
        {
          "assetId": "ovjdXhydzXTq3Bc7u9wCpt",
          "type": "projectCss",
          "checksum": "737ea8231511acdb06d8c64c2ab125e5"
        },
        {
          "assetId": "ovjdXhydzXTq3Bc7u9wCpt",
          "checksum": "7d809bd9372f71f18653bca430d321b4",
          "type": "globalContexts"
        },
        {
          "type": "renderModule",
          "assetId": "i1OkOah75jZ0",
          "checksum": "04624f5ebb5d10babc3582d235f8fe6d"
        },
        {
          "type": "cssRules",
          "assetId": "i1OkOah75jZ0",
          "checksum": "04624f5ebb5d10babc3582d235f8fe6d"
        },
        {
          "type": "renderModule",
          "assetId": "CvbYCodVVJ",
          "checksum": "db69edb530bb3c967526121309d91418"
        },
        {
          "type": "cssRules",
          "assetId": "CvbYCodVVJ",
          "checksum": "db69edb530bb3c967526121309d91418"
        },
        {
          "type": "renderModule",
          "assetId": "WzKkY_fim5",
          "checksum": "b55d33382f8013a887135f68bbe2b52a"
        },
        {
          "type": "cssRules",
          "assetId": "WzKkY_fim5",
          "checksum": "b55d33382f8013a887135f68bbe2b52a"
        },
        {
          "type": "renderModule",
          "assetId": "AuD_LYJAI4",
          "checksum": "c5ef154d85076050fad5a99e318f28cc"
        },
        {
          "type": "cssRules",
          "assetId": "AuD_LYJAI4",
          "checksum": "c5ef154d85076050fad5a99e318f28cc"
        },
        {
          "type": "renderModule",
          "assetId": "GzxOp8vfFL",
          "checksum": "1ecd9f34782e91d0906a42652223146f"
        },
        {
          "type": "cssRules",
          "assetId": "GzxOp8vfFL",
          "checksum": "1ecd9f34782e91d0906a42652223146f"
        },
        {
          "type": "renderModule",
          "assetId": "Ydz7fwN9Ll",
          "checksum": "bb7d205ddabf91a6d856ba9a4b6df564"
        },
        {
          "type": "cssRules",
          "assetId": "Ydz7fwN9Ll",
          "checksum": "bb7d205ddabf91a6d856ba9a4b6df564"
        },
        {
          "type": "renderModule",
          "assetId": "Z2QvAn3eZE",
          "checksum": "f4e0c9de739af25f25f8ad4f041b6dbd"
        },
        {
          "type": "cssRules",
          "assetId": "Z2QvAn3eZE",
          "checksum": "f4e0c9de739af25f25f8ad4f041b6dbd"
        },
        {
          "type": "renderModule",
          "assetId": "dngvs-_okm",
          "checksum": "758ba85968cd2badba11dbad400b027b"
        },
        {
          "type": "cssRules",
          "assetId": "dngvs-_okm",
          "checksum": "758ba85968cd2badba11dbad400b027b"
        },
        {
          "type": "renderModule",
          "assetId": "DFjZBtsg3Y",
          "checksum": "e608a08050ad5349e0c8ee79c08eb451"
        },
        {
          "type": "cssRules",
          "assetId": "DFjZBtsg3Y",
          "checksum": "e608a08050ad5349e0c8ee79c08eb451"
        },
        {
          "type": "renderModule",
          "assetId": "wTzuuaSZFJ",
          "checksum": "2f81d4654c38ea75373ac6946728b26f"
        },
        {
          "type": "cssRules",
          "assetId": "wTzuuaSZFJ",
          "checksum": "2f81d4654c38ea75373ac6946728b26f"
        },
        {
          "type": "renderModule",
          "assetId": "eh0aQHUlPV",
          "checksum": "4c3de9c07ffd9b2ab65765591fc999c1"
        },
        {
          "type": "cssRules",
          "assetId": "eh0aQHUlPV",
          "checksum": "4c3de9c07ffd9b2ab65765591fc999c1"
        },
        {
          "type": "renderModule",
          "assetId": "fWa5Q_WBlB",
          "checksum": "f4d29c25647ce5b7025c2356bd300c3d"
        },
        {
          "type": "cssRules",
          "assetId": "fWa5Q_WBlB",
          "checksum": "f4d29c25647ce5b7025c2356bd300c3d"
        },
        {
          "type": "renderModule",
          "assetId": "Mxn4L60z0Q",
          "checksum": "b2cc42da7ccf0be6d5053cf28627ff15"
        },
        {
          "type": "cssRules",
          "assetId": "Mxn4L60z0Q",
          "checksum": "b2cc42da7ccf0be6d5053cf28627ff15"
        },
        {
          "type": "renderModule",
          "assetId": "CBPLLuL4Oc",
          "checksum": "136a1ae7061bcb8253b060f9461b33cd"
        },
        {
          "type": "cssRules",
          "assetId": "CBPLLuL4Oc",
          "checksum": "136a1ae7061bcb8253b060f9461b33cd"
        },
        {
          "type": "icon",
          "assetId": "24WmWH7cOW9",
          "checksum": "f04c07d16031ff2bb33a0dea527bdb41"
        },
        {
          "type": "icon",
          "assetId": "_t-Faf7jiKw",
          "checksum": "e6ebdd37e4893c18c9d60b22e8038498"
        },
        {
          "type": "icon",
          "assetId": "6PVjWFQjevU",
          "checksum": "306c676503ee39dbc86b953d26503943"
        },
        {
          "type": "icon",
          "assetId": "UeD69XFuzpU",
          "checksum": "f7748d8c58e573ab5e1b27aba50a377a"
        },
        {
          "type": "icon",
          "assetId": "O5tPYskUz0s",
          "checksum": "7c611e556fc59652c516b74f87a74da1"
        },
        {
          "type": "icon",
          "assetId": "DVHjrcivdkt",
          "checksum": "628bcdcb5dec40363a23ab097967f397"
        },
        {
          "type": "icon",
          "assetId": "5d2hpdioIFi",
          "checksum": "a38c060bdf8052491619c3ef1b39c191"
        },
        {
          "type": "icon",
          "assetId": "7m5OvFRxatU",
          "checksum": "772c5e31ed44f15e89de5b3363b2d28e"
        },
        {
          "type": "icon",
          "assetId": "PAX__4ptci6",
          "checksum": "b2a733a55885f57883dcd2beedb8dfae"
        },
        {
          "type": "icon",
          "assetId": "1IS8bpfk6eP",
          "checksum": "72510fb5a7c8bc6ec72241b54e33bb08"
        },
        {
          "type": "icon",
          "assetId": "gm-1OEb4Ujs",
          "checksum": "c67153662c2eb52fba1d7fd0dad260c0"
        },
        {
          "type": "icon",
          "assetId": "nqkixbcwdzY",
          "checksum": "e1e5495caebd9584e5069b78b82e957d"
        },
        {
          "type": "icon",
          "assetId": "of5xTLghlMM",
          "checksum": "33a0ef94445fb2577723eba8ff3be3a8"
        },
        {
          "type": "icon",
          "assetId": "hW9FDjbewrh",
          "checksum": "d8b12ea7c0cfda6defa2601bd7d9d3a4"
        },
        {
          "type": "icon",
          "assetId": "Jq-R1heG7Ha",
          "checksum": "8ad84032d98e79cb547a4a8fc73e6bfe"
        },
        {
          "type": "icon",
          "assetId": "lhlTVsl90bu",
          "checksum": "5ae2514b92c4fbe602871995fe6c151b"
        },
        {
          "type": "icon",
          "assetId": "rKFdmgnF7B0",
          "checksum": "09b49f00ada1aee551153beef3129d49"
        },
        {
          "type": "icon",
          "assetId": "xxieNm11H-e",
          "checksum": "de4b19733a36b9209e8a88eb10dc8f2c"
        },
        {
          "type": "icon",
          "assetId": "NQciLa0Dw",
          "checksum": "de156027510efed69aa517cdea49644c"
        },
        {
          "type": "icon",
          "assetId": "dzZWW0KTDa",
          "checksum": "9eca72102ca7c72f483298758e0d3ab0"
        },
        {
          "type": "icon",
          "assetId": "Gtp7Lnaxwi",
          "checksum": "cd64ab43f23ad8a4bc7cbf3f72e137b2"
        },
        {
          "type": "icon",
          "assetId": "OfL7CNFmDo",
          "checksum": "fa52164e1c1ab825d0ba7963af341d02"
        },
        {
          "type": "icon",
          "assetId": "jELoRCuY9J",
          "checksum": "242927212d119888d26ff09e025e5f26"
        },
        {
          "type": "icon",
          "assetId": "QfzXdaSnNh",
          "checksum": "06f4d320fb5b766b5cda611696877194"
        },
        {
          "type": "icon",
          "assetId": "Np7zV-fG6E",
          "checksum": "dd52589caf89e2aded640eca39d673b7"
        },
        {
          "type": "icon",
          "assetId": "Yjd7e70CrX",
          "checksum": "066c8caa654b1b981a3bb12c3728f885"
        },
        {
          "type": "icon",
          "assetId": "8e4GlLd529",
          "checksum": "cdc999c17f36680fca2fedd270e7357c"
        },
        {
          "type": "icon",
          "assetId": "idMFDgdekz",
          "checksum": "2951c44cdb22e3c18abda7338fb94088"
        },
        {
          "type": "icon",
          "assetId": "4o0xydpHkn",
          "checksum": "a035473526f01ab4ed52b9c951da3b08"
        },
        {
          "type": "icon",
          "assetId": "9XdVSoRS3J",
          "checksum": "0f4bd1d9627f1f4ff6fd1e68fdcbd1ef"
        },
        {
          "type": "icon",
          "assetId": "X_hSjvdJR_",
          "checksum": "2d77473988dfc2a9d7247589a767854b"
        },
        {
          "type": "icon",
          "assetId": "ict7SbhqR2",
          "checksum": "3d9e6f351aee0e8555e4a573e4454c09"
        },
        {
          "type": "icon",
          "assetId": "sVrwefbr-y",
          "checksum": "a114ec59362d45a498bc6d8ac5d1bf1a"
        },
        {
          "type": "icon",
          "assetId": "EJQulHOB_5",
          "checksum": "451fa048a5534f83d6846047154a9c12"
        },
        {
          "type": "icon",
          "assetId": "fIApBC5aMRb",
          "checksum": "4ecd151e06bc7744c20bb172ded26abd"
        },
        {
          "type": "icon",
          "assetId": "nHJKcmdNUAY",
          "checksum": "db9fce9383f94b91a5ad1ff3215dee53"
        },
        {
          "type": "icon",
          "assetId": "5xljrb6OO0k",
          "checksum": "ad8329edb3f6f494d379129faaab42a5"
        },
        {
          "type": "icon",
          "assetId": "dL6VPYinLtI",
          "checksum": "b5f7798635ecf50f5a6a251ced5b929c"
        },
        {
          "type": "icon",
          "assetId": "6SixZTM1iF7",
          "checksum": "7cfe05e0ec401099330c233256339064"
        },
        {
          "type": "icon",
          "assetId": "qiGCZI-LiTT",
          "checksum": "41179d8b0e805511032e26dc3ca5715b"
        },
        {
          "type": "icon",
          "assetId": "u-vcgHew4fL",
          "checksum": "bc8deef8b4792d703191c7a988df96e4"
        },
        {
          "type": "icon",
          "assetId": "ibYRVHsPzoU",
          "checksum": "f1d5af399bee90b079571f27a2d6fe94"
        },
        {
          "type": "icon",
          "assetId": "54QqY1HpWr_",
          "checksum": "3057505fdecf4899397fb57cba1b1ee2"
        },
        {
          "type": "icon",
          "assetId": "QRELuwuumoK",
          "checksum": "6402175e53647eac6a1f4bc0de308ace"
        },
        {
          "type": "icon",
          "assetId": "yRLOTSrs8e1",
          "checksum": "771fbd0163142249c919284591f3cdf1"
        },
        {
          "type": "icon",
          "assetId": "-s2UIo2RoH4",
          "checksum": "09ea309806e71f52bc81d349d36c12b6"
        },
        {
          "type": "image",
          "assetId": "HBC_AC-qgZq",
          "checksum": "ce2d906eedc730ffe90ac5ef448ffe5c"
        },
        {
          "type": "image",
          "assetId": "EGqqCl3UoC2",
          "checksum": "845e9714ce0f21fd95ce6d615ba5735b"
        },
        {
          "type": "image",
          "assetId": "9bS7EcahJr3",
          "checksum": "cafdda725ba72be47d1170d915899b1c"
        },
        {
          "type": "image",
          "assetId": "xT8XtazA5Pq",
          "checksum": "83884b87b0f283c515565bbda169b1f0"
        },
        {
          "type": "image",
          "assetId": "KFekTurj9lc",
          "checksum": "78cf8b5d02d9e743152bed8dc1441fa5"
        },
        {
          "type": "image",
          "assetId": "e05jxtulVz-",
          "checksum": "abcc0962dab3ce6ccad6e758065e0201"
        },
        {
          "type": "image",
          "assetId": "JHkX4BKBzU3",
          "checksum": "d36dccd015c34b62f2beb298a97e119b"
        },
        {
          "type": "image",
          "assetId": "cpmL2oRZvWV",
          "checksum": "65406de168b2fe7b8d2e26f7bd6b2e6f"
        },
        {
          "type": "image",
          "assetId": "kfMw6ym8RMZ",
          "checksum": "fde2b21ce844af8dec202d55b81afe98"
        },
        {
          "type": "image",
          "assetId": "clTNK8FEVQ2",
          "checksum": "cbada3e6c5ea1c14c9b7ca1fe24a0d58"
        },
        {
          "type": "image",
          "assetId": "4vvmjVGDQg3",
          "checksum": "6118243107ebabc43dc3771a821bafd3"
        },
        {
          "type": "image",
          "assetId": "cZfx2MsNSjj",
          "checksum": "1220064fbf979e5db57dd6ed95333fa5"
        },
        {
          "type": "image",
          "assetId": "HbimMaPRC",
          "checksum": "7ddd91ddae9a1a29fdca4d678e4cb819"
        },
        {
          "type": "image",
          "assetId": "45oy16Y-F",
          "checksum": "a749d083905e39959620b490cc376853"
        },
        {
          "type": "image",
          "assetId": "_la_gv_cN",
          "checksum": "7511589d0791567e2db1b58f52d1bd88"
        },
        {
          "type": "image",
          "assetId": "GlmY_mNeM",
          "checksum": "70d3cf2ce34253c8c82ce10c6c166dbd"
        },
        {
          "type": "image",
          "assetId": "iDz8PDD8H",
          "checksum": "a032d1d57fc8e2544d5a6b0e95158913"
        },
        {
          "type": "image",
          "assetId": "QXJ7QESUM",
          "checksum": "444d4b33956a8d957dc827daf8bfc263"
        },
        {
          "type": "image",
          "assetId": "xbZrXR_Hk",
          "checksum": "90f20e1a7d1feb86aefba4d0779f9fa5"
        },
        {
          "type": "image",
          "assetId": "xE1ynDtN-",
          "checksum": "145d6070e58bd901d78edc426060fca6"
        }
      ],
      "codegenVersion": "0.0.1"
    }
  ],
  "cliVersion": "0.1.184"
}
